
Microsoft Visual Studio Solution File, Format Version 12.00
# Visual Studio Version 16
VisualStudioVersion = 16.0.28803.352
MinimumVisualStudioVersion = 10.0.40219.1
Project("{F2A71F9B-5D33-465A-A702-920D77279786}") = "10_Records", "10_Records\10_Records.fsproj", "{B1D59ADA-FCF9-442B-ACA1-A918A05661A8}"
EndProject
Project("{F2A71F9B-5D33-465A-A702-920D77279786}") = "11_Discriminated_Unions", "11_Discriminated_Unions\11_Discriminated_Unions.fsproj", "{26B87239-AFB1-450A-9B81-416CCC138D66}"
EndProject
Project("{F2A71F9B-5D33-465A-A702-920D77279786}") = "12_Lists_part_1", "12_Lists_part_1\12_Lists_part_1.fsproj", "{DB6F3BB2-0B89-4571-962F-9CE49A8A7534}"
EndProject
Project("{F2A71F9B-5D33-465A-A702-920D77279786}") = "13_Lists_part_2", "13_Lists_part_2\13_Lists_part_2.fsproj", "{82E43468-737C-4AF4-9D7A-11A80F0FE91D}"
EndProject
Project("{F2A71F9B-5D33-465A-A702-920D77279786}") = "01_Output", "01_Output\01_Output.fsproj", "{9C5B4F73-0277-4D9A-AA19-376A661ABF7C}"
EndProject
Project("{F2A71F9B-5D33-465A-A702-920D77279786}") = "02_Declare_n_Definite", "02_Declare_n_Definite\02_Declare_n_Definite.fsproj", "{C1542320-6439-4BA2-8BDD-FD67D2D89BA6}"
EndProject
Project("{F2A71F9B-5D33-465A-A702-920D77279786}") = "03_Func_Expr_Temp", "03_Func_Expr_Temp\03_Func_Expr_Temp.fsproj", "{B32B8849-4905-4397-920F-F5AA08E3B2C5}"
EndProject
Project("{F2A71F9B-5D33-465A-A702-920D77279786}") = "04_Recursion", "04_Recursion\04_Recursion.fsproj", "{75F935DC-E448-4F67-A600-C213301C7C24}"
EndProject
Project("{F2A71F9B-5D33-465A-A702-920D77279786}") = "05_Predicate", "05_Predicate\05_Predicate.fsproj", "{914F6D0F-DC1B-458C-A21C-BF4D38D1B9D3}"
EndProject
Project("{F2A71F9B-5D33-465A-A702-920D77279786}") = "06_Char_n_Strings", "06_Char_n_Strings\06_Char_n_Strings.fsproj", "{3CF516EE-6D52-4FBD-83FD-DAF3CAFD8D1F}"
EndProject
Project("{F2A71F9B-5D33-465A-A702-920D77279786}") = "07_Composition_n_Currying", "07_Composition_n_Currying\07_Composition_n_Currying.fsproj", "{2C9BCE54-FC2C-4DF5-8CE8-A6CBDF264949}"
EndProject
Project("{F2A71F9B-5D33-465A-A702-920D77279786}") = "08_Closures", "08_Closures\08_Closures.fsproj", "{AF915AD2-4253-4C0F-AC2F-D8E5C1FA35E7}"
EndProject
Project("{F2A71F9B-5D33-465A-A702-920D77279786}") = "09_Tuples", "09_Tuples\09_Tuples.fsproj", "{7729C8B0-FD28-405B-AC9D-975F29846C12}"
EndProject
Project("{F2A71F9B-5D33-465A-A702-920D77279786}") = "14_Lists_part_3", "14_Lists_part_3\14_Lists_part_3.fsproj", "{4F18749C-ACAC-46DB-AF54-9CA3679A60C9}"
EndProject
Project("{F2A71F9B-5D33-465A-A702-920D77279786}") = "15_Collections", "15_Collections\15_Collections.fsproj", "{27599E30-0622-4F78-8670-0CBCD8A10B6C}"
EndProject
Project("{F2A71F9B-5D33-465A-A702-920D77279786}") = "16_Sets", "16_Sets\16_Sets.fsproj", "{5D28C680-55A2-4A36-98AB-3FF078FD77D9}"
EndProject
Project("{F2A71F9B-5D33-465A-A702-920D77279786}") = "17_Maps", "17_Maps\17_Maps.fsproj", "{6FBE615A-EB24-49E6-858C-79815708CE08}"
EndProject
Project("{F2A71F9B-5D33-465A-A702-920D77279786}") = "18_Imperative_Programming", "18_Imperative_Programming\18_Imperative_Programming.fsproj", "{3C91CDC6-2A69-463F-BC5C-1D9BFAF87A31}"
EndProject
Project("{F2A71F9B-5D33-465A-A702-920D77279786}") = "19_Lazy_Computing_n_Continuations", "19_Lazy_Computing\19_Lazy_Computing_n_Continuations.fsproj", "{65A94639-FF25-49D1-A355-E62DAFC27094}"
EndProject
Project("{F2A71F9B-5D33-465A-A702-920D77279786}") = "20_Lazy_Sequences", "20_Lazy_Sequences\20_Lazy_Sequences.fsproj", "{FDB401DF-36EF-4DD6-A973-E8E8507A9D76}"
EndProject
Project("{F2A71F9B-5D33-465A-A702-920D77279786}") = "21_Sequence_Expression", "21_Sequence_Expression\21_Sequence_Expression.fsproj", "{6FA66220-4F38-4AEA-80AC-183707EFC6E4}"
EndProject
Project("{F2A71F9B-5D33-465A-A702-920D77279786}") = "22_Lazy_Evaluations", "22_Lazy_Evaluations\22_Lazy_Evaluations.fsproj", "{14214156-8009-48A9-B93C-208FA15250B2}"
EndProject
Global
	GlobalSection(SolutionConfigurationPlatforms) = preSolution
		Debug|Any CPU = Debug|Any CPU
		Release|Any CPU = Release|Any CPU
	EndGlobalSection
	GlobalSection(ProjectConfigurationPlatforms) = postSolution
		{B1D59ADA-FCF9-442B-ACA1-A918A05661A8}.Debug|Any CPU.ActiveCfg = Debug|Any CPU
		{B1D59ADA-FCF9-442B-ACA1-A918A05661A8}.Debug|Any CPU.Build.0 = Debug|Any CPU
		{B1D59ADA-FCF9-442B-ACA1-A918A05661A8}.Release|Any CPU.ActiveCfg = Release|Any CPU
		{B1D59ADA-FCF9-442B-ACA1-A918A05661A8}.Release|Any CPU.Build.0 = Release|Any CPU
		{26B87239-AFB1-450A-9B81-416CCC138D66}.Debug|Any CPU.ActiveCfg = Debug|Any CPU
		{26B87239-AFB1-450A-9B81-416CCC138D66}.Debug|Any CPU.Build.0 = Debug|Any CPU
		{26B87239-AFB1-450A-9B81-416CCC138D66}.Release|Any CPU.ActiveCfg = Release|Any CPU
		{26B87239-AFB1-450A-9B81-416CCC138D66}.Release|Any CPU.Build.0 = Release|Any CPU
		{DB6F3BB2-0B89-4571-962F-9CE49A8A7534}.Debug|Any CPU.ActiveCfg = Debug|Any CPU
		{DB6F3BB2-0B89-4571-962F-9CE49A8A7534}.Debug|Any CPU.Build.0 = Debug|Any CPU
		{DB6F3BB2-0B89-4571-962F-9CE49A8A7534}.Release|Any CPU.ActiveCfg = Release|Any CPU
		{DB6F3BB2-0B89-4571-962F-9CE49A8A7534}.Release|Any CPU.Build.0 = Release|Any CPU
		{82E43468-737C-4AF4-9D7A-11A80F0FE91D}.Debug|Any CPU.ActiveCfg = Debug|Any CPU
		{82E43468-737C-4AF4-9D7A-11A80F0FE91D}.Debug|Any CPU.Build.0 = Debug|Any CPU
		{82E43468-737C-4AF4-9D7A-11A80F0FE91D}.Release|Any CPU.ActiveCfg = Release|Any CPU
		{82E43468-737C-4AF4-9D7A-11A80F0FE91D}.Release|Any CPU.Build.0 = Release|Any CPU
		{9C5B4F73-0277-4D9A-AA19-376A661ABF7C}.Debug|Any CPU.ActiveCfg = Debug|Any CPU
		{9C5B4F73-0277-4D9A-AA19-376A661ABF7C}.Debug|Any CPU.Build.0 = Debug|Any CPU
		{9C5B4F73-0277-4D9A-AA19-376A661ABF7C}.Release|Any CPU.ActiveCfg = Release|Any CPU
		{9C5B4F73-0277-4D9A-AA19-376A661ABF7C}.Release|Any CPU.Build.0 = Release|Any CPU
		{C1542320-6439-4BA2-8BDD-FD67D2D89BA6}.Debug|Any CPU.ActiveCfg = Debug|Any CPU
		{C1542320-6439-4BA2-8BDD-FD67D2D89BA6}.Debug|Any CPU.Build.0 = Debug|Any CPU
		{C1542320-6439-4BA2-8BDD-FD67D2D89BA6}.Release|Any CPU.ActiveCfg = Release|Any CPU
		{C1542320-6439-4BA2-8BDD-FD67D2D89BA6}.Release|Any CPU.Build.0 = Release|Any CPU
		{B32B8849-4905-4397-920F-F5AA08E3B2C5}.Debug|Any CPU.ActiveCfg = Debug|Any CPU
		{B32B8849-4905-4397-920F-F5AA08E3B2C5}.Debug|Any CPU.Build.0 = Debug|Any CPU
		{B32B8849-4905-4397-920F-F5AA08E3B2C5}.Release|Any CPU.ActiveCfg = Release|Any CPU
		{B32B8849-4905-4397-920F-F5AA08E3B2C5}.Release|Any CPU.Build.0 = Release|Any CPU
		{75F935DC-E448-4F67-A600-C213301C7C24}.Debug|Any CPU.ActiveCfg = Debug|Any CPU
		{75F935DC-E448-4F67-A600-C213301C7C24}.Debug|Any CPU.Build.0 = Debug|Any CPU
		{75F935DC-E448-4F67-A600-C213301C7C24}.Release|Any CPU.ActiveCfg = Release|Any CPU
		{75F935DC-E448-4F67-A600-C213301C7C24}.Release|Any CPU.Build.0 = Release|Any CPU
		{914F6D0F-DC1B-458C-A21C-BF4D38D1B9D3}.Debug|Any CPU.ActiveCfg = Debug|Any CPU
		{914F6D0F-DC1B-458C-A21C-BF4D38D1B9D3}.Debug|Any CPU.Build.0 = Debug|Any CPU
		{914F6D0F-DC1B-458C-A21C-BF4D38D1B9D3}.Release|Any CPU.ActiveCfg = Release|Any CPU
		{914F6D0F-DC1B-458C-A21C-BF4D38D1B9D3}.Release|Any CPU.Build.0 = Release|Any CPU
		{3CF516EE-6D52-4FBD-83FD-DAF3CAFD8D1F}.Debug|Any CPU.ActiveCfg = Debug|Any CPU
		{3CF516EE-6D52-4FBD-83FD-DAF3CAFD8D1F}.Debug|Any CPU.Build.0 = Debug|Any CPU
		{3CF516EE-6D52-4FBD-83FD-DAF3CAFD8D1F}.Release|Any CPU.ActiveCfg = Release|Any CPU
		{3CF516EE-6D52-4FBD-83FD-DAF3CAFD8D1F}.Release|Any CPU.Build.0 = Release|Any CPU
		{2C9BCE54-FC2C-4DF5-8CE8-A6CBDF264949}.Debug|Any CPU.ActiveCfg = Debug|Any CPU
		{2C9BCE54-FC2C-4DF5-8CE8-A6CBDF264949}.Debug|Any CPU.Build.0 = Debug|Any CPU
		{2C9BCE54-FC2C-4DF5-8CE8-A6CBDF264949}.Release|Any CPU.ActiveCfg = Release|Any CPU
		{2C9BCE54-FC2C-4DF5-8CE8-A6CBDF264949}.Release|Any CPU.Build.0 = Release|Any CPU
		{AF915AD2-4253-4C0F-AC2F-D8E5C1FA35E7}.Debug|Any CPU.ActiveCfg = Debug|Any CPU
		{AF915AD2-4253-4C0F-AC2F-D8E5C1FA35E7}.Debug|Any CPU.Build.0 = Debug|Any CPU
		{AF915AD2-4253-4C0F-AC2F-D8E5C1FA35E7}.Release|Any CPU.ActiveCfg = Release|Any CPU
		{AF915AD2-4253-4C0F-AC2F-D8E5C1FA35E7}.Release|Any CPU.Build.0 = Release|Any CPU
		{7729C8B0-FD28-405B-AC9D-975F29846C12}.Debug|Any CPU.ActiveCfg = Debug|Any CPU
		{7729C8B0-FD28-405B-AC9D-975F29846C12}.Debug|Any CPU.Build.0 = Debug|Any CPU
		{7729C8B0-FD28-405B-AC9D-975F29846C12}.Release|Any CPU.ActiveCfg = Release|Any CPU
		{7729C8B0-FD28-405B-AC9D-975F29846C12}.Release|Any CPU.Build.0 = Release|Any CPU
		{4F18749C-ACAC-46DB-AF54-9CA3679A60C9}.Debug|Any CPU.ActiveCfg = Debug|Any CPU
		{4F18749C-ACAC-46DB-AF54-9CA3679A60C9}.Debug|Any CPU.Build.0 = Debug|Any CPU
		{4F18749C-ACAC-46DB-AF54-9CA3679A60C9}.Release|Any CPU.ActiveCfg = Release|Any CPU
		{4F18749C-ACAC-46DB-AF54-9CA3679A60C9}.Release|Any CPU.Build.0 = Release|Any CPU
		{27599E30-0622-4F78-8670-0CBCD8A10B6C}.Debug|Any CPU.ActiveCfg = Debug|Any CPU
		{27599E30-0622-4F78-8670-0CBCD8A10B6C}.Debug|Any CPU.Build.0 = Debug|Any CPU
		{27599E30-0622-4F78-8670-0CBCD8A10B6C}.Release|Any CPU.ActiveCfg = Release|Any CPU
		{27599E30-0622-4F78-8670-0CBCD8A10B6C}.Release|Any CPU.Build.0 = Release|Any CPU
		{5D28C680-55A2-4A36-98AB-3FF078FD77D9}.Debug|Any CPU.ActiveCfg = Debug|Any CPU
		{5D28C680-55A2-4A36-98AB-3FF078FD77D9}.Debug|Any CPU.Build.0 = Debug|Any CPU
		{5D28C680-55A2-4A36-98AB-3FF078FD77D9}.Release|Any CPU.ActiveCfg = Release|Any CPU
		{5D28C680-55A2-4A36-98AB-3FF078FD77D9}.Release|Any CPU.Build.0 = Release|Any CPU
		{6FBE615A-EB24-49E6-858C-79815708CE08}.Debug|Any CPU.ActiveCfg = Debug|Any CPU
		{6FBE615A-EB24-49E6-858C-79815708CE08}.Debug|Any CPU.Build.0 = Debug|Any CPU
		{6FBE615A-EB24-49E6-858C-79815708CE08}.Release|Any CPU.ActiveCfg = Release|Any CPU
		{6FBE615A-EB24-49E6-858C-79815708CE08}.Release|Any CPU.Build.0 = Release|Any CPU
		{3C91CDC6-2A69-463F-BC5C-1D9BFAF87A31}.Debug|Any CPU.ActiveCfg = Debug|Any CPU
		{3C91CDC6-2A69-463F-BC5C-1D9BFAF87A31}.Debug|Any CPU.Build.0 = Debug|Any CPU
		{3C91CDC6-2A69-463F-BC5C-1D9BFAF87A31}.Release|Any CPU.ActiveCfg = Release|Any CPU
		{3C91CDC6-2A69-463F-BC5C-1D9BFAF87A31}.Release|Any CPU.Build.0 = Release|Any CPU
		{65A94639-FF25-49D1-A355-E62DAFC27094}.Debug|Any CPU.ActiveCfg = Debug|Any CPU
		{65A94639-FF25-49D1-A355-E62DAFC27094}.Debug|Any CPU.Build.0 = Debug|Any CPU
		{65A94639-FF25-49D1-A355-E62DAFC27094}.Release|Any CPU.ActiveCfg = Release|Any CPU
		{65A94639-FF25-49D1-A355-E62DAFC27094}.Release|Any CPU.Build.0 = Release|Any CPU
		{FDB401DF-36EF-4DD6-A973-E8E8507A9D76}.Debug|Any CPU.ActiveCfg = Debug|Any CPU
		{FDB401DF-36EF-4DD6-A973-E8E8507A9D76}.Debug|Any CPU.Build.0 = Debug|Any CPU
		{FDB401DF-36EF-4DD6-A973-E8E8507A9D76}.Release|Any CPU.ActiveCfg = Release|Any CPU
		{FDB401DF-36EF-4DD6-A973-E8E8507A9D76}.Release|Any CPU.Build.0 = Release|Any CPU
		{6FA66220-4F38-4AEA-80AC-183707EFC6E4}.Debug|Any CPU.ActiveCfg = Debug|Any CPU
		{6FA66220-4F38-4AEA-80AC-183707EFC6E4}.Debug|Any CPU.Build.0 = Debug|Any CPU
		{6FA66220-4F38-4AEA-80AC-183707EFC6E4}.Release|Any CPU.ActiveCfg = Release|Any CPU
		{6FA66220-4F38-4AEA-80AC-183707EFC6E4}.Release|Any CPU.Build.0 = Release|Any CPU
		{14214156-8009-48A9-B93C-208FA15250B2}.Debug|Any CPU.ActiveCfg = Debug|Any CPU
		{14214156-8009-48A9-B93C-208FA15250B2}.Debug|Any CPU.Build.0 = Debug|Any CPU
		{14214156-8009-48A9-B93C-208FA15250B2}.Release|Any CPU.ActiveCfg = Release|Any CPU
		{14214156-8009-48A9-B93C-208FA15250B2}.Release|Any CPU.Build.0 = Release|Any CPU
	EndGlobalSection
	GlobalSection(SolutionProperties) = preSolution
		HideSolutionNode = FALSE
	EndGlobalSection
	GlobalSection(ExtensibilityGlobals) = postSolution
		SolutionGuid = {AA9ABDAF-119C-42B5-AEBC-51800B8EEE6D}
	EndGlobalSection
EndGlobal
